// !$*UTF8*$!
{
	archiveVersion = 1;
	classes = {
	};
	objectVersion = 46;
	objects = {

/* Begin PBXBuildFile section */
		693DA940FB2A443EA8C07D54 /* libPods.a in Frameworks */ = {isa = PBXBuildFile; fileRef = 21FBA33CC0164B4CA066B576 /* libPods.a */; };
		A14C9411189FE278008F6A0D /* Foundation.framework in Frameworks */ = {isa = PBXBuildFile; fileRef = A14C9410189FE278008F6A0D /* Foundation.framework */; };
		A14C9413189FE278008F6A0D /* CoreGraphics.framework in Frameworks */ = {isa = PBXBuildFile; fileRef = A14C9412189FE278008F6A0D /* CoreGraphics.framework */; };
		A14C9415189FE278008F6A0D /* UIKit.framework in Frameworks */ = {isa = PBXBuildFile; fileRef = A14C9414189FE278008F6A0D /* UIKit.framework */; };
		A14C941B189FE278008F6A0D /* InfoPlist.strings in Resources */ = {isa = PBXBuildFile; fileRef = A14C9419189FE278008F6A0D /* InfoPlist.strings */; };
		A14C941D189FE278008F6A0D /* main.m in Sources */ = {isa = PBXBuildFile; fileRef = A14C941C189FE278008F6A0D /* main.m */; };
		A14C9421189FE278008F6A0D /* AppDelegate.m in Sources */ = {isa = PBXBuildFile; fileRef = A14C9420189FE278008F6A0D /* AppDelegate.m */; };
		A14C9424189FE278008F6A0D /* Main_iPhone.storyboard in Resources */ = {isa = PBXBuildFile; fileRef = A14C9422189FE278008F6A0D /* Main_iPhone.storyboard */; };
		A14C9427189FE278008F6A0D /* Main_iPad.storyboard in Resources */ = {isa = PBXBuildFile; fileRef = A14C9425189FE278008F6A0D /* Main_iPad.storyboard */; };
		A14C942C189FE278008F6A0D /* Images.xcassets in Resources */ = {isa = PBXBuildFile; fileRef = A14C942B189FE278008F6A0D /* Images.xcassets */; };
		A14C9433189FE278008F6A0D /* XCTest.framework in Frameworks */ = {isa = PBXBuildFile; fileRef = A14C9432189FE278008F6A0D /* XCTest.framework */; };
		A14C9434189FE278008F6A0D /* Foundation.framework in Frameworks */ = {isa = PBXBuildFile; fileRef = A14C9410189FE278008F6A0D /* Foundation.framework */; };
		A14C9435189FE278008F6A0D /* UIKit.framework in Frameworks */ = {isa = PBXBuildFile; fileRef = A14C9414189FE278008F6A0D /* UIKit.framework */; };
		A14C943D189FE278008F6A0D /* InfoPlist.strings in Resources */ = {isa = PBXBuildFile; fileRef = A14C943B189FE278008F6A0D /* InfoPlist.strings */; };
		A14C943F189FE278008F6A0D /* PrototyperPlayerTests.m in Sources */ = {isa = PBXBuildFile; fileRef = A14C943E189FE278008F6A0D /* PrototyperPlayerTests.m */; };
		A14C9454189FE3A7008F6A0D /* ImageDetails.m in Sources */ = {isa = PBXBuildFile; fileRef = A14C944C189FE3A7008F6A0D /* ImageDetails.m */; };
		A14C9455189FE3A7008F6A0D /* ImageLink.m in Sources */ = {isa = PBXBuildFile; fileRef = A14C944E189FE3A7008F6A0D /* ImageLink.m */; };
		A14C9456189FE3A7008F6A0D /* Project.m in Sources */ = {isa = PBXBuildFile; fileRef = A14C9450189FE3A7008F6A0D /* Project.m */; };
		A14C945C189FE442008F6A0D /* MainViewController.m in Sources */ = {isa = PBXBuildFile; fileRef = A14C9459189FE442008F6A0D /* MainViewController.m */; };
		A14C945D189FE442008F6A0D /* PlaybackViewController.m in Sources */ = {isa = PBXBuildFile; fileRef = A14C945B189FE442008F6A0D /* PlaybackViewController.m */; };
		A14C9460189FE60A008F6A0D /* ProjectSelectTableViewCell.m in Sources */ = {isa = PBXBuildFile; fileRef = A14C945F189FE60A008F6A0D /* ProjectSelectTableViewCell.m */; };
		A14C9464189FE63D008F6A0D /* UIColor+Utils.m in Sources */ = {isa = PBXBuildFile; fileRef = A14C9463189FE63D008F6A0D /* UIColor+Utils.m */; };
		A14C9467189FE649008F6A0D /* UIImageView+ContentScale.m in Sources */ = {isa = PBXBuildFile; fileRef = A14C9466189FE649008F6A0D /* UIImageView+ContentScale.m */; };
		A14C946918A14235008F6A0D /* Settings.bundle in Resources */ = {isa = PBXBuildFile; fileRef = A14C946818A14235008F6A0D /* Settings.bundle */; };
		A1CC97C518A813D800816C03 /* demo.zip in Resources */ = {isa = PBXBuildFile; fileRef = A1CC97C418A813D800816C03 /* demo.zip */; };
/* End PBXBuildFile section */

/* Begin PBXContainerItemProxy section */
		A14C9436189FE278008F6A0D /* PBXContainerItemProxy */ = {
			isa = PBXContainerItemProxy;
			containerPortal = A14C9405189FE278008F6A0D /* Project object */;
			proxyType = 1;
			remoteGlobalIDString = A14C940C189FE278008F6A0D;
			remoteInfo = PrototyperPlayback;
		};
/* End PBXContainerItemProxy section */

/* Begin PBXFileReference section */
		21FBA33CC0164B4CA066B576 /* libPods.a */ = {isa = PBXFileReference; explicitFileType = archive.ar; includeInIndex = 0; path = libPods.a; sourceTree = BUILT_PRODUCTS_DIR; };
		7758088FE73F4464AE08E16A /* Pods.xcconfig */ = {isa = PBXFileReference; includeInIndex = 1; lastKnownFileType = text.xcconfig; name = Pods.xcconfig; path = Pods/Pods.xcconfig; sourceTree = "<group>"; };
		A14C940D189FE278008F6A0D /* PrototyperPlayer.app */ = {isa = PBXFileReference; explicitFileType = wrapper.application; includeInIndex = 0; path = PrototyperPlayer.app; sourceTree = BUILT_PRODUCTS_DIR; };
		A14C9410189FE278008F6A0D /* Foundation.framework */ = {isa = PBXFileReference; lastKnownFileType = wrapper.framework; name = Foundation.framework; path = System/Library/Frameworks/Foundation.framework; sourceTree = SDKROOT; };
		A14C9412189FE278008F6A0D /* CoreGraphics.framework */ = {isa = PBXFileReference; lastKnownFileType = wrapper.framework; name = CoreGraphics.framework; path = System/Library/Frameworks/CoreGraphics.framework; sourceTree = SDKROOT; };
		A14C9414189FE278008F6A0D /* UIKit.framework */ = {isa = PBXFileReference; lastKnownFileType = wrapper.framework; name = UIKit.framework; path = System/Library/Frameworks/UIKit.framework; sourceTree = SDKROOT; };
		A14C9418189FE278008F6A0D /* PrototyperPlayer-Info.plist */ = {isa = PBXFileReference; lastKnownFileType = text.plist.xml; path = "PrototyperPlayer-Info.plist"; sourceTree = "<group>"; };
		A14C941A189FE278008F6A0D /* en */ = {isa = PBXFileReference; lastKnownFileType = text.plist.strings; name = en; path = en.lproj/InfoPlist.strings; sourceTree = "<group>"; };
		A14C941C189FE278008F6A0D /* main.m */ = {isa = PBXFileReference; lastKnownFileType = sourcecode.c.objc; path = main.m; sourceTree = "<group>"; };
		A14C941E189FE278008F6A0D /* PrototyperPlayer-Prefix.pch */ = {isa = PBXFileReference; lastKnownFileType = sourcecode.c.h; path = "PrototyperPlayer-Prefix.pch"; sourceTree = "<group>"; };
		A14C941F189FE278008F6A0D /* AppDelegate.h */ = {isa = PBXFileReference; lastKnownFileType = sourcecode.c.h; path = AppDelegate.h; sourceTree = "<group>"; };
		A14C9420189FE278008F6A0D /* AppDelegate.m */ = {isa = PBXFileReference; lastKnownFileType = sourcecode.c.objc; path = AppDelegate.m; sourceTree = "<group>"; };
		A14C9423189FE278008F6A0D /* Base */ = {isa = PBXFileReference; lastKnownFileType = file.storyboard; name = Base; path = Base.lproj/Main_iPhone.storyboard; sourceTree = "<group>"; };
		A14C9426189FE278008F6A0D /* Base */ = {isa = PBXFileReference; lastKnownFileType = file.storyboard; name = Base; path = Base.lproj/Main_iPad.storyboard; sourceTree = "<group>"; };
		A14C942B189FE278008F6A0D /* Images.xcassets */ = {isa = PBXFileReference; lastKnownFileType = folder.assetcatalog; path = Images.xcassets; sourceTree = "<group>"; };
		A14C9431189FE278008F6A0D /* PrototyperPlayerTests.xctest */ = {isa = PBXFileReference; explicitFileType = wrapper.cfbundle; includeInIndex = 0; path = PrototyperPlayerTests.xctest; sourceTree = BUILT_PRODUCTS_DIR; };
		A14C9432189FE278008F6A0D /* XCTest.framework */ = {isa = PBXFileReference; lastKnownFileType = wrapper.framework; name = XCTest.framework; path = Library/Frameworks/XCTest.framework; sourceTree = DEVELOPER_DIR; };
		A14C943A189FE278008F6A0D /* PrototyperPlayerTests-Info.plist */ = {isa = PBXFileReference; lastKnownFileType = text.plist.xml; path = "PrototyperPlayerTests-Info.plist"; sourceTree = "<group>"; };
		A14C943C189FE278008F6A0D /* en */ = {isa = PBXFileReference; lastKnownFileType = text.plist.strings; name = en; path = en.lproj/InfoPlist.strings; sourceTree = "<group>"; };
		A14C943E189FE278008F6A0D /* PrototyperPlayerTests.m */ = {isa = PBXFileReference; lastKnownFileType = sourcecode.c.objc; path = PrototyperPlayerTests.m; sourceTree = "<group>"; };
		A14C9448189FE2AB008F6A0D /* Constants.h */ = {isa = PBXFileReference; fileEncoding = 4; lastKnownFileType = sourcecode.c.h; path = Constants.h; sourceTree = "<group>"; };
		A14C944B189FE3A7008F6A0D /* ImageDetails.h */ = {isa = PBXFileReference; fileEncoding = 4; lastKnownFileType = sourcecode.c.h; path = ImageDetails.h; sourceTree = "<group>"; };
		A14C944C189FE3A7008F6A0D /* ImageDetails.m */ = {isa = PBXFileReference; fileEncoding = 4; lastKnownFileType = sourcecode.c.objc; path = ImageDetails.m; sourceTree = "<group>"; };
		A14C944D189FE3A7008F6A0D /* ImageLink.h */ = {isa = PBXFileReference; fileEncoding = 4; lastKnownFileType = sourcecode.c.h; path = ImageLink.h; sourceTree = "<group>"; };
		A14C944E189FE3A7008F6A0D /* ImageLink.m */ = {isa = PBXFileReference; fileEncoding = 4; lastKnownFileType = sourcecode.c.objc; path = ImageLink.m; sourceTree = "<group>"; };
		A14C944F189FE3A7008F6A0D /* Project.h */ = {isa = PBXFileReference; fileEncoding = 4; lastKnownFileType = sourcecode.c.h; path = Project.h; sourceTree = "<group>"; };
		A14C9450189FE3A7008F6A0D /* Project.m */ = {isa = PBXFileReference; fileEncoding = 4; lastKnownFileType = sourcecode.c.objc; path = Project.m; sourceTree = "<group>"; };
		A14C9458189FE442008F6A0D /* MainViewController.h */ = {isa = PBXFileReference; fileEncoding = 4; lastKnownFileType = sourcecode.c.h; path = MainViewController.h; sourceTree = "<group>"; };
		A14C9459189FE442008F6A0D /* MainViewController.m */ = {isa = PBXFileReference; fileEncoding = 4; lastKnownFileType = sourcecode.c.objc; path = MainViewController.m; sourceTree = "<group>"; };
		A14C945A189FE442008F6A0D /* PlaybackViewController.h */ = {isa = PBXFileReference; fileEncoding = 4; lastKnownFileType = sourcecode.c.h; path = PlaybackViewController.h; sourceTree = "<group>"; };
		A14C945B189FE442008F6A0D /* PlaybackViewController.m */ = {isa = PBXFileReference; fileEncoding = 4; lastKnownFileType = sourcecode.c.objc; path = PlaybackViewController.m; sourceTree = "<group>"; };
		A14C945E189FE60A008F6A0D /* ProjectSelectTableViewCell.h */ = {isa = PBXFileReference; fileEncoding = 4; lastKnownFileType = sourcecode.c.h; path = ProjectSelectTableViewCell.h; sourceTree = "<group>"; };
		A14C945F189FE60A008F6A0D /* ProjectSelectTableViewCell.m */ = {isa = PBXFileReference; fileEncoding = 4; lastKnownFileType = sourcecode.c.objc; path = ProjectSelectTableViewCell.m; sourceTree = "<group>"; };
		A14C9462189FE63D008F6A0D /* UIColor+Utils.h */ = {isa = PBXFileReference; fileEncoding = 4; lastKnownFileType = sourcecode.c.h; path = "UIColor+Utils.h"; sourceTree = "<group>"; };
		A14C9463189FE63D008F6A0D /* UIColor+Utils.m */ = {isa = PBXFileReference; fileEncoding = 4; lastKnownFileType = sourcecode.c.objc; path = "UIColor+Utils.m"; sourceTree = "<group>"; };
		A14C9465189FE649008F6A0D /* UIImageView+ContentScale.h */ = {isa = PBXFileReference; fileEncoding = 4; lastKnownFileType = sourcecode.c.h; path = "UIImageView+ContentScale.h"; sourceTree = "<group>"; };
		A14C9466189FE649008F6A0D /* UIImageView+ContentScale.m */ = {isa = PBXFileReference; fileEncoding = 4; lastKnownFileType = sourcecode.c.objc; path = "UIImageView+ContentScale.m"; sourceTree = "<group>"; };
		A14C946818A14235008F6A0D /* Settings.bundle */ = {isa = PBXFileReference; lastKnownFileType = "wrapper.plug-in"; path = Settings.bundle; sourceTree = SOURCE_ROOT; };
		A1CC97C418A813D800816C03 /* demo.zip */ = {isa = PBXFileReference; lastKnownFileType = archive.zip; path = demo.zip; sourceTree = "<group>"; };
/* End PBXFileReference section */

/* Begin PBXFrameworksBuildPhase section */
		A14C940A189FE278008F6A0D /* Frameworks */ = {
			isa = PBXFrameworksBuildPhase;
			buildActionMask = 2147483647;
			files = (
				A14C9413189FE278008F6A0D /* CoreGraphics.framework in Frameworks */,
				A14C9415189FE278008F6A0D /* UIKit.framework in Frameworks */,
				A14C9411189FE278008F6A0D /* Foundation.framework in Frameworks */,
				693DA940FB2A443EA8C07D54 /* libPods.a in Frameworks */,
			);
			runOnlyForDeploymentPostprocessing = 0;
		};
		A14C942E189FE278008F6A0D /* Frameworks */ = {
			isa = PBXFrameworksBuildPhase;
			buildActionMask = 2147483647;
			files = (
				A14C9433189FE278008F6A0D /* XCTest.framework in Frameworks */,
				A14C9435189FE278008F6A0D /* UIKit.framework in Frameworks */,
				A14C9434189FE278008F6A0D /* Foundation.framework in Frameworks */,
			);
			runOnlyForDeploymentPostprocessing = 0;
		};
/* End PBXFrameworksBuildPhase section */

/* Begin PBXGroup section */
		A14C9404189FE278008F6A0D = {
			isa = PBXGroup;
			children = (
				A14C9416189FE278008F6A0D /* PrototyperPlayer */,
				A14C9438189FE278008F6A0D /* PrototyperPlayerTests */,
				A14C940F189FE278008F6A0D /* Frameworks */,
				A14C940E189FE278008F6A0D /* Products */,
				7758088FE73F4464AE08E16A /* Pods.xcconfig */,
			);
			sourceTree = "<group>";
		};
		A14C940E189FE278008F6A0D /* Products */ = {
			isa = PBXGroup;
			children = (
				A14C940D189FE278008F6A0D /* PrototyperPlayer.app */,
				A14C9431189FE278008F6A0D /* PrototyperPlayerTests.xctest */,
			);
			name = Products;
			sourceTree = "<group>";
		};
		A14C940F189FE278008F6A0D /* Frameworks */ = {
			isa = PBXGroup;
			children = (
				A14C9410189FE278008F6A0D /* Foundation.framework */,
				A14C9412189FE278008F6A0D /* CoreGraphics.framework */,
				A14C9414189FE278008F6A0D /* UIKit.framework */,
				A14C9432189FE278008F6A0D /* XCTest.framework */,
				21FBA33CC0164B4CA066B576 /* libPods.a */,
			);
			name = Frameworks;
			sourceTree = "<group>";
		};
		A14C9416189FE278008F6A0D /* PrototyperPlayer */ = {
			isa = PBXGroup;
			children = (
				A14C9449189FE3A7008F6A0D /* cells */,
				A14C944A189FE3A7008F6A0D /* model */,
				A14C9461189FE632008F6A0D /* utils */,
				A14C9453189FE3A7008F6A0D /* viewcontrollers */,
				A14C941F189FE278008F6A0D /* AppDelegate.h */,
				A14C9420189FE278008F6A0D /* AppDelegate.m */,
				A14C9422189FE278008F6A0D /* Main_iPhone.storyboard */,
				A14C9425189FE278008F6A0D /* Main_iPad.storyboard */,
				A14C9448189FE2AB008F6A0D /* Constants.h */,
				A14C942B189FE278008F6A0D /* Images.xcassets */,
				A14C9417189FE278008F6A0D /* Supporting Files */,
			);
			path = PrototyperPlayer;
			sourceTree = "<group>";
		};
		A14C9417189FE278008F6A0D /* Supporting Files */ = {
			isa = PBXGroup;
			children = (
				A1CC97C418A813D800816C03 /* demo.zip */,
				A14C946818A14235008F6A0D /* Settings.bundle */,
				A14C9418189FE278008F6A0D /* PrototyperPlayer-Info.plist */,
				A14C9419189FE278008F6A0D /* InfoPlist.strings */,
				A14C941C189FE278008F6A0D /* main.m */,
				A14C941E189FE278008F6A0D /* PrototyperPlayer-Prefix.pch */,
			);
			name = "Supporting Files";
			sourceTree = "<group>";
		};
		A14C9438189FE278008F6A0D /* PrototyperPlayerTests */ = {
			isa = PBXGroup;
			children = (
				A14C943E189FE278008F6A0D /* PrototyperPlayerTests.m */,
				A14C9439189FE278008F6A0D /* Supporting Files */,
			);
			path = PrototyperPlayerTests;
			sourceTree = "<group>";
		};
		A14C9439189FE278008F6A0D /* Supporting Files */ = {
			isa = PBXGroup;
			children = (
				A14C943A189FE278008F6A0D /* PrototyperPlayerTests-Info.plist */,
				A14C943B189FE278008F6A0D /* InfoPlist.strings */,
			);
			name = "Supporting Files";
			sourceTree = "<group>";
		};
		A14C9449189FE3A7008F6A0D /* cells */ = {
			isa = PBXGroup;
			children = (
				A14C945E189FE60A008F6A0D /* ProjectSelectTableViewCell.h */,
				A14C945F189FE60A008F6A0D /* ProjectSelectTableViewCell.m */,
			);
			path = cells;
			sourceTree = "<group>";
		};
		A14C944A189FE3A7008F6A0D /* model */ = {
			isa = PBXGroup;
			children = (
				A14C944B189FE3A7008F6A0D /* ImageDetails.h */,
				A14C944C189FE3A7008F6A0D /* ImageDetails.m */,
				A14C944D189FE3A7008F6A0D /* ImageLink.h */,
				A14C944E189FE3A7008F6A0D /* ImageLink.m */,
				A14C944F189FE3A7008F6A0D /* Project.h */,
				A14C9450189FE3A7008F6A0D /* Project.m */,
			);
			path = model;
			sourceTree = "<group>";
		};
		A14C9453189FE3A7008F6A0D /* viewcontrollers */ = {
			isa = PBXGroup;
			children = (
				A14C9458189FE442008F6A0D /* MainViewController.h */,
				A14C9459189FE442008F6A0D /* MainViewController.m */,
				A14C945A189FE442008F6A0D /* PlaybackViewController.h */,
				A14C945B189FE442008F6A0D /* PlaybackViewController.m */,
			);
			path = viewcontrollers;
			sourceTree = "<group>";
		};
		A14C9461189FE632008F6A0D /* utils */ = {
			isa = PBXGroup;
			children = (
				A14C9465189FE649008F6A0D /* UIImageView+ContentScale.h */,
				A14C9466189FE649008F6A0D /* UIImageView+ContentScale.m */,
				A14C9462189FE63D008F6A0D /* UIColor+Utils.h */,
				A14C9463189FE63D008F6A0D /* UIColor+Utils.m */,
			);
			name = utils;
			path = model/utils;
			sourceTree = "<group>";
		};
/* End PBXGroup section */

/* Begin PBXNativeTarget section */
		A14C940C189FE278008F6A0D /* PrototyperPlayer */ = {
			isa = PBXNativeTarget;
			buildConfigurationList = A14C9442189FE278008F6A0D /* Build configuration list for PBXNativeTarget "PrototyperPlayer" */;
			buildPhases = (
				91957DFB361D45BD9AA757CB /* Check Pods Manifest.lock */,
				A14C946A18A14292008F6A0D /* ShellScript */,
				A14C9409189FE278008F6A0D /* Sources */,
				A14C940A189FE278008F6A0D /* Frameworks */,
				A14C940B189FE278008F6A0D /* Resources */,
				3D584C4478E949E4A830AA1E /* Copy Pods Resources */,
			);
			buildRules = (
			);
			dependencies = (
			);
			name = PrototyperPlayer;
			productName = PrototyperPlayback;
			productReference = A14C940D189FE278008F6A0D /* PrototyperPlayer.app */;
			productType = "com.apple.product-type.application";
		};
		A14C9430189FE278008F6A0D /* PrototyperPlayerTests */ = {
			isa = PBXNativeTarget;
			buildConfigurationList = A14C9445189FE278008F6A0D /* Build configuration list for PBXNativeTarget "PrototyperPlayerTests" */;
			buildPhases = (
				A14C942D189FE278008F6A0D /* Sources */,
				A14C942E189FE278008F6A0D /* Frameworks */,
				A14C942F189FE278008F6A0D /* Resources */,
			);
			buildRules = (
			);
			dependencies = (
				A14C9437189FE278008F6A0D /* PBXTargetDependency */,
			);
			name = PrototyperPlayerTests;
			productName = PrototyperPlaybackTests;
			productReference = A14C9431189FE278008F6A0D /* PrototyperPlayerTests.xctest */;
			productType = "com.apple.product-type.bundle.unit-test";
		};
/* End PBXNativeTarget section */

/* Begin PBXProject section */
		A14C9405189FE278008F6A0D /* Project object */ = {
			isa = PBXProject;
			attributes = {
				LastUpgradeCheck = 0510;
				ORGANIZATIONNAME = "Andy Qua";
				TargetAttributes = {
					A14C9430189FE278008F6A0D = {
						TestTargetID = A14C940C189FE278008F6A0D;
					};
				};
			};
			buildConfigurationList = A14C9408189FE278008F6A0D /* Build configuration list for PBXProject "PrototyperPlayer" */;
			compatibilityVersion = "Xcode 3.2";
			developmentRegion = English;
			hasScannedForEncodings = 0;
			knownRegions = (
				en,
				Base,
			);
			mainGroup = A14C9404189FE278008F6A0D;
			productRefGroup = A14C940E189FE278008F6A0D /* Products */;
			projectDirPath = "";
			projectRoot = "";
			targets = (
				A14C940C189FE278008F6A0D /* PrototyperPlayer */,
				A14C9430189FE278008F6A0D /* PrototyperPlayerTests */,
			);
		};
/* End PBXProject section */

/* Begin PBXResourcesBuildPhase section */
		A14C940B189FE278008F6A0D /* Resources */ = {
			isa = PBXResourcesBuildPhase;
			buildActionMask = 2147483647;
			files = (
				A14C9427189FE278008F6A0D /* Main_iPad.storyboard in Resources */,
				A14C942C189FE278008F6A0D /* Images.xcassets in Resources */,
				A1CC97C518A813D800816C03 /* demo.zip in Resources */,
				A14C946918A14235008F6A0D /* Settings.bundle in Resources */,
				A14C9424189FE278008F6A0D /* Main_iPhone.storyboard in Resources */,
				A14C941B189FE278008F6A0D /* InfoPlist.strings in Resources */,
			);
			runOnlyForDeploymentPostprocessing = 0;
		};
		A14C942F189FE278008F6A0D /* Resources */ = {
			isa = PBXResourcesBuildPhase;
			buildActionMask = 2147483647;
			files = (
				A14C943D189FE278008F6A0D /* InfoPlist.strings in Resources */,
			);
			runOnlyForDeploymentPostprocessing = 0;
		};
/* End PBXResourcesBuildPhase section */

/* Begin PBXShellScriptBuildPhase section */
		3D584C4478E949E4A830AA1E /* Copy Pods Resources */ = {
			isa = PBXShellScriptBuildPhase;
			buildActionMask = 2147483647;
			files = (
			);
			inputPaths = (
			);
			name = "Copy Pods Resources";
			outputPaths = (
			);
			runOnlyForDeploymentPostprocessing = 0;
			shellPath = /bin/sh;
			shellScript = "\"${SRCROOT}/Pods/Pods-resources.sh\"\n";
			showEnvVarsInLog = 0;
		};
		91957DFB361D45BD9AA757CB /* Check Pods Manifest.lock */ = {
			isa = PBXShellScriptBuildPhase;
			buildActionMask = 2147483647;
			files = (
			);
			inputPaths = (
			);
			name = "Check Pods Manifest.lock";
			outputPaths = (
			);
			runOnlyForDeploymentPostprocessing = 0;
			shellPath = /bin/sh;
			shellScript = "diff \"${PODS_ROOT}/../Podfile.lock\" \"${PODS_ROOT}/Manifest.lock\" > /dev/null\nif [[ $? != 0 ]] ; then\n    cat << EOM\nerror: The sandbox is not in sync with the Podfile.lock. Run 'pod install' or update your CocoaPods installation.\nEOM\n    exit 1\nfi\n";
			showEnvVarsInLog = 0;
		};
		A14C946A18A14292008F6A0D /* ShellScript */ = {
			isa = PBXShellScriptBuildPhase;
			buildActionMask = 2147483647;
			files = (
			);
			inputPaths = (
			);
			outputPaths = (
			);
			runOnlyForDeploymentPostprocessing = 0;
			shellPath = /bin/sh;
			shellScript = "plist=\"$SRCROOT/PrototyperPlayback/PrototyperPlayback-Info.plist\"\necho $plist\nversion=`/usr/libexec/PlistBuddy -c \"Print CFBundleShortVersionString\" \"$plist\"`\n#build=`/usr/libexec/PlistBuddy -c \"Print CFBundleVersion\" \"$plist\"`\nbuild=`git rev-list --count HEAD`\n\n#update build number\necho \"OldBuild - $build\"\nbuild=$((${build} + 1))\necho \"NewBuild - $build\"\n/usr/libexec/PlistBuddy -c \"Set :CFBundleVersion $build\" \"$plist\"\n\nstringsFile=\"$SRCROOT/Settings.bundle/en.lproj/Root.strings\"\necho \"\\\"author\\\" = \\\"PrototyperPlayback Version ${version} (${build})\" > $stringsFile\necho \"Written by Andy Qua\\\";\" >> $stringsFile\ntouch \"$SRCROOT/Settings.bundle\"\n";
			showEnvVarsInLog = 0;
		};
/* End PBXShellScriptBuildPhase section */

/* Begin PBXSourcesBuildPhase section */
		A14C9409189FE278008F6A0D /* Sources */ = {
			isa = PBXSourcesBuildPhase;
			buildActionMask = 2147483647;
			files = (
				A14C945D189FE442008F6A0D /* PlaybackViewController.m in Sources */,
				A14C9467189FE649008F6A0D /* UIImageView+ContentScale.m in Sources */,
				A14C9421189FE278008F6A0D /* AppDelegate.m in Sources */,
				A14C9455189FE3A7008F6A0D /* ImageLink.m in Sources */,
				A14C9456189FE3A7008F6A0D /* Project.m in Sources */,
				A14C9464189FE63D008F6A0D /* UIColor+Utils.m in Sources */,
				A14C945C189FE442008F6A0D /* MainViewController.m in Sources */,
				A14C9460189FE60A008F6A0D /* ProjectSelectTableViewCell.m in Sources */,
				A14C9454189FE3A7008F6A0D /* ImageDetails.m in Sources */,
				A14C941D189FE278008F6A0D /* main.m in Sources */,
			);
			runOnlyForDeploymentPostprocessing = 0;
		};
		A14C942D189FE278008F6A0D /* Sources */ = {
			isa = PBXSourcesBuildPhase;
			buildActionMask = 2147483647;
			files = (
				A14C943F189FE278008F6A0D /* PrototyperPlayerTests.m in Sources */,
			);
			runOnlyForDeploymentPostprocessing = 0;
		};
/* End PBXSourcesBuildPhase section */

/* Begin PBXTargetDependency section */
		A14C9437189FE278008F6A0D /* PBXTargetDependency */ = {
			isa = PBXTargetDependency;
			target = A14C940C189FE278008F6A0D /* PrototyperPlayer */;
			targetProxy = A14C9436189FE278008F6A0D /* PBXContainerItemProxy */;
		};
/* End PBXTargetDependency section */

/* Begin PBXVariantGroup section */
		A14C9419189FE278008F6A0D /* InfoPlist.strings */ = {
			isa = PBXVariantGroup;
			children = (
				A14C941A189FE278008F6A0D /* en */,
			);
			name = InfoPlist.strings;
			sourceTree = "<group>";
		};
		A14C9422189FE278008F6A0D /* Main_iPhone.storyboard */ = {
			isa = PBXVariantGroup;
			children = (
				A14C9423189FE278008F6A0D /* Base */,
			);
			name = Main_iPhone.storyboard;
			sourceTree = "<group>";
		};
		A14C9425189FE278008F6A0D /* Main_iPad.storyboard */ = {
			isa = PBXVariantGroup;
			children = (
				A14C9426189FE278008F6A0D /* Base */,
			);
			name = Main_iPad.storyboard;
			sourceTree = "<group>";
		};
		A14C943B189FE278008F6A0D /* InfoPlist.strings */ = {
			isa = PBXVariantGroup;
			children = (
				A14C943C189FE278008F6A0D /* en */,
			);
			name = InfoPlist.strings;
			sourceTree = "<group>";
		};
/* End PBXVariantGroup section */

/* Begin XCBuildConfiguration section */
		A14C9440189FE278008F6A0D /* Debug */ = {
			isa = XCBuildConfiguration;
			buildSettings = {
				ALWAYS_SEARCH_USER_PATHS = NO;
				CLANG_CXX_LANGUAGE_STANDARD = "gnu++0x";
				CLANG_CXX_LIBRARY = "libc++";
				CLANG_ENABLE_MODULES = YES;
				CLANG_ENABLE_OBJC_ARC = YES;
				CLANG_WARN_BOOL_CONVERSION = YES;
				CLANG_WARN_CONSTANT_CONVERSION = YES;
				CLANG_WARN_DIRECT_OBJC_ISA_USAGE = YES_ERROR;
				CLANG_WARN_EMPTY_BODY = YES;
				CLANG_WARN_ENUM_CONVERSION = YES;
				CLANG_WARN_INT_CONVERSION = YES;
				CLANG_WARN_OBJC_ROOT_CLASS = YES_ERROR;
				CLANG_WARN__DUPLICATE_METHOD_MATCH = YES;
				"CODE_SIGN_IDENTITY[sdk=iphoneos*]" = "iPhone Developer";
				COPY_PHASE_STRIP = NO;
				GCC_C_LANGUAGE_STANDARD = gnu99;
				GCC_DYNAMIC_NO_PIC = NO;
				GCC_OPTIMIZATION_LEVEL = 0;
				GCC_PREPROCESSOR_DEFINITIONS = (
					"DEBUG=1",
					"$(inherited)",
				);
				GCC_SYMBOLS_PRIVATE_EXTERN = NO;
				GCC_WARN_64_TO_32_BIT_CONVERSION = YES;
				GCC_WARN_ABOUT_RETURN_TYPE = YES_ERROR;
				GCC_WARN_UNDECLARED_SELECTOR = YES;
				GCC_WARN_UNINITIALIZED_AUTOS = YES_AGGRESSIVE;
				GCC_WARN_UNUSED_FUNCTION = YES;
				GCC_WARN_UNUSED_VARIABLE = YES;
				IPHONEOS_DEPLOYMENT_TARGET = 7.1;
				ONLY_ACTIVE_ARCH = YES;
				SDKROOT = iphoneos;
				TARGETED_DEVICE_FAMILY = "1,2";
			};
			name = Debug;
		};
		A14C9441189FE278008F6A0D /* Release */ = {
			isa = XCBuildConfiguration;
			buildSettings = {
				ALWAYS_SEARCH_USER_PATHS = NO;
				CLANG_CXX_LANGUAGE_STANDARD = "gnu++0x";
				CLANG_CXX_LIBRARY = "libc++";
				CLANG_ENABLE_MODULES = YES;
				CLANG_ENABLE_OBJC_ARC = YES;
				CLANG_WARN_BOOL_CONVERSION = YES;
				CLANG_WARN_CONSTANT_CONVERSION = YES;
				CLANG_WARN_DIRECT_OBJC_ISA_USAGE = YES_ERROR;
				CLANG_WARN_EMPTY_BODY = YES;
				CLANG_WARN_ENUM_CONVERSION = YES;
				CLANG_WARN_INT_CONVERSION = YES;
				CLANG_WARN_OBJC_ROOT_CLASS = YES_ERROR;
				CLANG_WARN__DUPLICATE_METHOD_MATCH = YES;
				"CODE_SIGN_IDENTITY[sdk=iphoneos*]" = "iPhone Developer";
				COPY_PHASE_STRIP = YES;
				ENABLE_NS_ASSERTIONS = NO;
				GCC_C_LANGUAGE_STANDARD = gnu99;
				GCC_WARN_64_TO_32_BIT_CONVERSION = YES;
				GCC_WARN_ABOUT_RETURN_TYPE = YES_ERROR;
				GCC_WARN_UNDECLARED_SELECTOR = YES;
				GCC_WARN_UNINITIALIZED_AUTOS = YES_AGGRESSIVE;
				GCC_WARN_UNUSED_FUNCTION = YES;
				GCC_WARN_UNUSED_VARIABLE = YES;
				IPHONEOS_DEPLOYMENT_TARGET = 7.1;
				SDKROOT = iphoneos;
				TARGETED_DEVICE_FAMILY = "1,2";
				VALIDATE_PRODUCT = YES;
			};
			name = Release;
		};
		A14C9443189FE278008F6A0D /* Debug */ = {
			isa = XCBuildConfiguration;
			baseConfigurationReference = 7758088FE73F4464AE08E16A /* Pods.xcconfig */;
			buildSettings = {
				ASSETCATALOG_COMPILER_APPICON_NAME = AppIcon;
				ASSETCATALOG_COMPILER_LAUNCHIMAGE_NAME = LaunchImage;
				GCC_PRECOMPILE_PREFIX_HEADER = YES;
				GCC_PREFIX_HEADER = "PrototyperPlayer/PrototyperPlayer-Prefix.pch";
				INFOPLIST_FILE = "PrototyperPlayer/PrototyperPlayer-Info.plist";
				IPHONEOS_DEPLOYMENT_TARGET = 7.0;
				PRODUCT_NAME = PrototyperPlayer;
				WRAPPER_EXTENSION = app;
			};
			name = Debug;
		};
		A14C9444189FE278008F6A0D /* Release */ = {
			isa = XCBuildConfiguration;
			baseConfigurationReference = 7758088FE73F4464AE08E16A /* Pods.xcconfig */;
			buildSettings = {
				ASSETCATALOG_COMPILER_APPICON_NAME = AppIcon;
				ASSETCATALOG_COMPILER_LAUNCHIMAGE_NAME = LaunchImage;
				GCC_PRECOMPILE_PREFIX_HEADER = YES;
				GCC_PREFIX_HEADER = "PrototyperPlayer/PrototyperPlayer-Prefix.pch";
				INFOPLIST_FILE = "PrototyperPlayer/PrototyperPlayer-Info.plist";
				IPHONEOS_DEPLOYMENT_TARGET = 7.0;
				PRODUCT_NAME = PrototyperPlayer;
				WRAPPER_EXTENSION = app;
			};
			name = Release;
		};
		A14C9446189FE278008F6A0D /* Debug */ = {
			isa = XCBuildConfiguration;
			buildSettings = {
				BUNDLE_LOADER = "$(BUILT_PRODUCTS_DIR)/PrototyperPlayback.app/PrototyperPlayback";
				FRAMEWORK_SEARCH_PATHS = (
					"$(SDKROOT)/Developer/Library/Frameworks",
					"$(inherited)",
					"$(DEVELOPER_FRAMEWORKS_DIR)",
				);
				GCC_PRECOMPILE_PREFIX_HEADER = YES;
				GCC_PREFIX_HEADER = "PrototyperPlayback/PrototyperPlayback-Prefix.pch";
				GCC_PREPROCESSOR_DEFINITIONS = (
					"DEBUG=1",
					"$(inherited)",
				);
				INFOPLIST_FILE = "PrototyperPlaybackTests/PrototyperPlayerTests-Info.plist";
				PRODUCT_NAME = PrototyperPlayerTests;
				TEST_HOST = "$(BUNDLE_LOADER)";
				WRAPPER_EXTENSION = xctest;
			};
			name = Debug;
		};
		A14C9447189FE278008F6A0D /* Release */ = {
			isa = XCBuildConfiguration;
			buildSettings = {
				BUNDLE_LOADER = "$(BUILT_PRODUCTS_DIR)/PrototyperPlayback.app/PrototyperPlayback";
				FRAMEWORK_SEARCH_PATHS = (
					"$(SDKROOT)/Developer/Library/Frameworks",
					"$(inherited)",
					"$(DEVELOPER_FRAMEWORKS_DIR)",
				);
				GCC_PRECOMPILE_PREFIX_HEADER = YES;
				GCC_PREFIX_HEADER = "PrototyperPlayback/PrototyperPlayback-Prefix.pch";
				INFOPLIST_FILE = "PrototyperPlaybackTests/PrototyperPlayerTests-Info.plist";
				PRODUCT_NAME = PrototyperPlayerTests;
				TEST_HOST = "$(BUNDLE_LOADER)";
				WRAPPER_EXTENSION = xctest;
			};
			name = Release;
		};
/* End XCBuildConfiguration section */

/* Begin XCConfigurationList section */
		A14C9408189FE278008F6A0D /* Build configuration list for PBXProject "PrototyperPlayer" */ = {
			isa = XCConfigurationList;
			buildConfigurations = (
				A14C9440189FE278008F6A0D /* Debug */,
				A14C9441189FE278008F6A0D /* Release */,
			);
			defaultConfigurationIsVisible = 0;
			defaultConfigurationName = Release;
		};
		A14C9442189FE278008F6A0D /* Build configuration list for PBXNativeTarget "PrototyperPlayer" */ = {
			isa = XCConfigurationList;
			buildConfigurations = (
				A14C9443189FE278008F6A0D /* Debug */,
				A14C9444189FE278008F6A0D /* Release */,
			);
			defaultConfigurationIsVisible = 0;
			defaultConfigurationName = Release;
		};
		A14C9445189FE278008F6A0D /* Build configuration list for PBXNativeTarget "PrototyperPlayerTests" */ = {
			isa = XCConfigurationList;
			buildConfigurations = (
				A14C9446189FE278008F6A0D /* Debug */,
				A14C9447189FE278008F6A0D /* Release */,
			);
			defaultConfigurationIsVisible = 0;
			defaultConfigurationName = Release;
		};
/* End XCConfigurationList section */
	};
	rootObject = A14C9405189FE278008F6A0D /* Project object */;
}
